
Microsoft Visual Studio Solution File, Format Version 12.00
# Visual Studio Version 17
VisualStudioVersion = 17.14.36429.23
MinimumVisualStudioVersion = 10.0.40219.1
Project("{2150E333-8FDC-42A3-9474-1A3956D46DE8}") = "Task0", "Task0", "{02EA681E-C7D8-13C7-8484-4AC65E1B71E8}"
EndProject
Project("{FAE04EC0-301F-11D3-BF4B-00C04F79EFBC}") = "Tyuiu.PisarevMA.Sprint1.Task0.V9", "Tyuiu.PisarevMA.Sprint1.Task0.V9\Tyuiu.PisarevMA.Sprint1.Task0.V9.csproj", "{D4937011-3E69-4BF6-806C-2878596EFDC8}"
EndProject
Project("{FAE04EC0-301F-11D3-BF4B-00C04F79EFBC}") = "Tyuiu.PisarevMA.Sprint1.Task0.V9.Lib", "Tyuiu.PisarevMA.Sprint1.Task0.V9.Lib\Tyuiu.PisarevMA.Sprint1.Task0.V9.Lib.csproj", "{551B3756-2EA5-47ED-AFE5-1672C844B183}"
EndProject
Project("{FAE04EC0-301F-11D3-BF4B-00C04F79EFBC}") = "Tyuiu.PisarevMA.Sprint1.Task0.V9.Test", "Tyuiu.PisarevMA.Sprint1.Task0.V9.Test\Tyuiu.PisarevMA.Sprint1.Task0.V9.Test.csproj", "{A5745FB4-9FEA-4CDA-B08C-9CA08100A38F}"
EndProject
Project("{2150E333-8FDC-42A3-9474-1A3956D46DE8}") = "Task1", "Task1", "{091FEAE7-6DF0-4E7F-AC44-19887E00B6FB}"
EndProject
Project("{FAE04EC0-301F-11D3-BF4B-00C04F79EFBC}") = "Tyuiu.PisarevMA.Sprint1.Task1.V11", "Tyuiu.PisarevMA.Sprint1.Task1.V11\Tyuiu.PisarevMA.Sprint1.Task1.V11.csproj", "{26FD5A7B-D77A-4B9C-B25C-536589BECCF3}"
EndProject
Project("{FAE04EC0-301F-11D3-BF4B-00C04F79EFBC}") = "Tyuiu.PisarevMA.Sprint1.Task1.V11.Lib", "Tyuiu.PisarevMA.Sprint1.Task1.V11.Lib\Tyuiu.PisarevMA.Sprint1.Task1.V11.Lib.csproj", "{67B9C32D-F75B-409A-94A7-943D1D514F46}"
EndProject
Project("{FAE04EC0-301F-11D3-BF4B-00C04F79EFBC}") = "Tyuiu.PisarevMA.Sprint1.Task1.V11.Test", "Tyuiu.PisarevMA.Sprint1.Task1.V11.Test\Tyuiu.PisarevMA.Sprint1.Task1.V11.Test.csproj", "{8DACDE07-069B-483F-A94B-66B40D7B1F5C}"
EndProject
Project("{2150E333-8FDC-42A3-9474-1A3956D46DE8}") = "Task2", "Task2", "{0E833165-0276-44B7-BA18-ACDD10AD46F6}"
EndProject
Project("{2150E333-8FDC-42A3-9474-1A3956D46DE8}") = "Task3", "Task3", "{12E74F66-036C-4A9C-9C9B-107E31B66633}"
EndProject
Project("{2150E333-8FDC-42A3-9474-1A3956D46DE8}") = "Task4", "Task4", "{1E7588A3-BF78-49B6-A9A4-3182BABD7D2F}"
EndProject
Project("{2150E333-8FDC-42A3-9474-1A3956D46DE8}") = "Task5", "Task5", "{7B187449-4DA3-443B-89EF-7CAA9E978424}"
EndProject
Project("{2150E333-8FDC-42A3-9474-1A3956D46DE8}") = "Task6", "Task6", "{37C4AB8E-D83B-4995-A0BC-0CA5118BF2A5}"
EndProject
Project("{2150E333-8FDC-42A3-9474-1A3956D46DE8}") = "Task7", "Task7", "{DDF13CAE-B66C-4135-B1B7-6ED520583710}"
EndProject
Project("{FAE04EC0-301F-11D3-BF4B-00C04F79EFBC}") = "Tyuiu.PisarevMA.Sprint1.Task2.V8", "Tyuiu.PisarevMA.Sprint1.Task2.V8\Tyuiu.PisarevMA.Sprint1.Task2.V8.csproj", "{3D660C12-72FB-49C0-8EC2-51D49E772368}"
EndProject
Project("{FAE04EC0-301F-11D3-BF4B-00C04F79EFBC}") = "Tyuiu.PisarevMA.Sprint1.Task2.V8.Lib", "Tyuiu.PisarevMA.Sprint1.Task2.V8.Lib\Tyuiu.PisarevMA.Sprint1.Task2.V8.Lib.csproj", "{FDDD225E-99CE-44E3-B8E7-89CF9155CDC3}"
EndProject
Project("{FAE04EC0-301F-11D3-BF4B-00C04F79EFBC}") = "Tyuiu.PisarevMA.Sprint1.Task2.V8.Test", "Tyuiu.PisarevMA.Sprint1.Task2.V8.Test\Tyuiu.PisarevMA.Sprint1.Task2.V8.Test.csproj", "{B599426B-32EC-4A50-B2CF-82EFAF227C01}"
EndProject
Project("{FAE04EC0-301F-11D3-BF4B-00C04F79EFBC}") = "Tyuiu.PisarevMA.Sprint1.Task3.V16", "Tyuiu.PisarevMA.Sprint1.Task3.V16\Tyuiu.PisarevMA.Sprint1.Task3.V16.csproj", "{756A08B3-DB30-4C52-B840-069FCD0FAC39}"
EndProject
Project("{FAE04EC0-301F-11D3-BF4B-00C04F79EFBC}") = "Tyuiu.PisarevMA.Sprint1.Task3.V16.Lib", "Tyuiu.PisarevMA.Sprint1.Task3.V16.Lib\Tyuiu.PisarevMA.Sprint1.Task3.V16.Lib.csproj", "{3B292D1F-5643-44CE-B556-0CA393F3C3CC}"
EndProject
Project("{FAE04EC0-301F-11D3-BF4B-00C04F79EFBC}") = "Tyuiu.PisarevMA.Sprint1.Task3.V16.Test", "Tyuiu.PisarevMA.Sprint1.Task3.V16.Test\Tyuiu.PisarevMA.Sprint1.Task3.V16.Test.csproj", "{524A343A-7EDD-42FA-A6B3-3D0B39610B87}"
EndProject
Global
	GlobalSection(SolutionConfigurationPlatforms) = preSolution
		Debug|Any CPU = Debug|Any CPU
		Release|Any CPU = Release|Any CPU
	EndGlobalSection
	GlobalSection(ProjectConfigurationPlatforms) = postSolution
		{D4937011-3E69-4BF6-806C-2878596EFDC8}.Debug|Any CPU.ActiveCfg = Debug|Any CPU
		{D4937011-3E69-4BF6-806C-2878596EFDC8}.Debug|Any CPU.Build.0 = Debug|Any CPU
		{D4937011-3E69-4BF6-806C-2878596EFDC8}.Release|Any CPU.ActiveCfg = Release|Any CPU
		{D4937011-3E69-4BF6-806C-2878596EFDC8}.Release|Any CPU.Build.0 = Release|Any CPU
		{551B3756-2EA5-47ED-AFE5-1672C844B183}.Debug|Any CPU.ActiveCfg = Debug|Any CPU
		{551B3756-2EA5-47ED-AFE5-1672C844B183}.Debug|Any CPU.Build.0 = Debug|Any CPU
		{551B3756-2EA5-47ED-AFE5-1672C844B183}.Release|Any CPU.ActiveCfg = Release|Any CPU
		{551B3756-2EA5-47ED-AFE5-1672C844B183}.Release|Any CPU.Build.0 = Release|Any CPU
		{A5745FB4-9FEA-4CDA-B08C-9CA08100A38F}.Debug|Any CPU.ActiveCfg = Debug|Any CPU
		{A5745FB4-9FEA-4CDA-B08C-9CA08100A38F}.Debug|Any CPU.Build.0 = Debug|Any CPU
		{A5745FB4-9FEA-4CDA-B08C-9CA08100A38F}.Release|Any CPU.ActiveCfg = Release|Any CPU
		{A5745FB4-9FEA-4CDA-B08C-9CA08100A38F}.Release|Any CPU.Build.0 = Release|Any CPU
		{26FD5A7B-D77A-4B9C-B25C-536589BECCF3}.Debug|Any CPU.ActiveCfg = Debug|Any CPU
		{26FD5A7B-D77A-4B9C-B25C-536589BECCF3}.Debug|Any CPU.Build.0 = Debug|Any CPU
		{26FD5A7B-D77A-4B9C-B25C-536589BECCF3}.Release|Any CPU.ActiveCfg = Release|Any CPU
		{26FD5A7B-D77A-4B9C-B25C-536589BECCF3}.Release|Any CPU.Build.0 = Release|Any CPU
		{67B9C32D-F75B-409A-94A7-943D1D514F46}.Debug|Any CPU.ActiveCfg = Debug|Any CPU
		{67B9C32D-F75B-409A-94A7-943D1D514F46}.Debug|Any CPU.Build.0 = Debug|Any CPU
		{67B9C32D-F75B-409A-94A7-943D1D514F46}.Release|Any CPU.ActiveCfg = Release|Any CPU
		{67B9C32D-F75B-409A-94A7-943D1D514F46}.Release|Any CPU.Build.0 = Release|Any CPU
		{8DACDE07-069B-483F-A94B-66B40D7B1F5C}.Debug|Any CPU.ActiveCfg = Debug|Any CPU
		{8DACDE07-069B-483F-A94B-66B40D7B1F5C}.Debug|Any CPU.Build.0 = Debug|Any CPU
		{8DACDE07-069B-483F-A94B-66B40D7B1F5C}.Release|Any CPU.ActiveCfg = Release|Any CPU
		{8DACDE07-069B-483F-A94B-66B40D7B1F5C}.Release|Any CPU.Build.0 = Release|Any CPU
		{3D660C12-72FB-49C0-8EC2-51D49E772368}.Debug|Any CPU.ActiveCfg = Debug|Any CPU
		{3D660C12-72FB-49C0-8EC2-51D49E772368}.Debug|Any CPU.Build.0 = Debug|Any CPU
		{3D660C12-72FB-49C0-8EC2-51D49E772368}.Release|Any CPU.ActiveCfg = Release|Any CPU
		{3D660C12-72FB-49C0-8EC2-51D49E772368}.Release|Any CPU.Build.0 = Release|Any CPU
		{FDDD225E-99CE-44E3-B8E7-89CF9155CDC3}.Debug|Any CPU.ActiveCfg = Debug|Any CPU
		{FDDD225E-99CE-44E3-B8E7-89CF9155CDC3}.Debug|Any CPU.Build.0 = Debug|Any CPU
		{FDDD225E-99CE-44E3-B8E7-89CF9155CDC3}.Release|Any CPU.ActiveCfg = Release|Any CPU
		{FDDD225E-99CE-44E3-B8E7-89CF9155CDC3}.Release|Any CPU.Build.0 = Release|Any CPU
		{B599426B-32EC-4A50-B2CF-82EFAF227C01}.Debug|Any CPU.ActiveCfg = Debug|Any CPU
		{B599426B-32EC-4A50-B2CF-82EFAF227C01}.Debug|Any CPU.Build.0 = Debug|Any CPU
		{B599426B-32EC-4A50-B2CF-82EFAF227C01}.Release|Any CPU.ActiveCfg = Release|Any CPU
		{B599426B-32EC-4A50-B2CF-82EFAF227C01}.Release|Any CPU.Build.0 = Release|Any CPU
		{756A08B3-DB30-4C52-B840-069FCD0FAC39}.Debug|Any CPU.ActiveCfg = Debug|Any CPU
		{756A08B3-DB30-4C52-B840-069FCD0FAC39}.Debug|Any CPU.Build.0 = Debug|Any CPU
		{756A08B3-DB30-4C52-B840-069FCD0FAC39}.Release|Any CPU.ActiveCfg = Release|Any CPU
		{756A08B3-DB30-4C52-B840-069FCD0FAC39}.Release|Any CPU.Build.0 = Release|Any CPU
		{3B292D1F-5643-44CE-B556-0CA393F3C3CC}.Debug|Any CPU.ActiveCfg = Debug|Any CPU
		{3B292D1F-5643-44CE-B556-0CA393F3C3CC}.Debug|Any CPU.Build.0 = Debug|Any CPU
		{3B292D1F-5643-44CE-B556-0CA393F3C3CC}.Release|Any CPU.ActiveCfg = Release|Any CPU
		{3B292D1F-5643-44CE-B556-0CA393F3C3CC}.Release|Any CPU.Build.0 = Release|Any CPU
		{524A343A-7EDD-42FA-A6B3-3D0B39610B87}.Debug|Any CPU.ActiveCfg = Debug|Any CPU
		{524A343A-7EDD-42FA-A6B3-3D0B39610B87}.Debug|Any CPU.Build.0 = Debug|Any CPU
		{524A343A-7EDD-42FA-A6B3-3D0B39610B87}.Release|Any CPU.ActiveCfg = Release|Any CPU
		{524A343A-7EDD-42FA-A6B3-3D0B39610B87}.Release|Any CPU.Build.0 = Release|Any CPU
	EndGlobalSection
	GlobalSection(SolutionProperties) = preSolution
		HideSolutionNode = FALSE
	EndGlobalSection
	GlobalSection(NestedProjects) = preSolution
		{D4937011-3E69-4BF6-806C-2878596EFDC8} = {02EA681E-C7D8-13C7-8484-4AC65E1B71E8}
		{551B3756-2EA5-47ED-AFE5-1672C844B183} = {02EA681E-C7D8-13C7-8484-4AC65E1B71E8}
		{A5745FB4-9FEA-4CDA-B08C-9CA08100A38F} = {02EA681E-C7D8-13C7-8484-4AC65E1B71E8}
		{26FD5A7B-D77A-4B9C-B25C-536589BECCF3} = {091FEAE7-6DF0-4E7F-AC44-19887E00B6FB}
		{67B9C32D-F75B-409A-94A7-943D1D514F46} = {091FEAE7-6DF0-4E7F-AC44-19887E00B6FB}
		{8DACDE07-069B-483F-A94B-66B40D7B1F5C} = {091FEAE7-6DF0-4E7F-AC44-19887E00B6FB}
		{3D660C12-72FB-49C0-8EC2-51D49E772368} = {0E833165-0276-44B7-BA18-ACDD10AD46F6}
		{FDDD225E-99CE-44E3-B8E7-89CF9155CDC3} = {0E833165-0276-44B7-BA18-ACDD10AD46F6}
		{B599426B-32EC-4A50-B2CF-82EFAF227C01} = {0E833165-0276-44B7-BA18-ACDD10AD46F6}
		{756A08B3-DB30-4C52-B840-069FCD0FAC39} = {12E74F66-036C-4A9C-9C9B-107E31B66633}
		{3B292D1F-5643-44CE-B556-0CA393F3C3CC} = {12E74F66-036C-4A9C-9C9B-107E31B66633}
		{524A343A-7EDD-42FA-A6B3-3D0B39610B87} = {12E74F66-036C-4A9C-9C9B-107E31B66633}
	EndGlobalSection
	GlobalSection(ExtensibilityGlobals) = postSolution
		SolutionGuid = {C997E7D5-61CD-4D13-9EE4-4DFE4032A5B0}
	EndGlobalSection
EndGlobal
